
Microsoft Visual Studio Solution File, Format Version 12.00
# Visual Studio Version 17
VisualStudioVersion = 17.5.33627.172
MinimumVisualStudioVersion = 10.0.40219.1
Project("{FAE04EC0-301F-11D3-BF4B-00C04F79EFBC}") = "Balkezesek", "Balkezesek\Balkezesek.csproj", "{3AC276E8-BED1-4C4E-B36E-FA085A920383}"
EndProject
Global
	GlobalSection(SolutionConfigurationPlatforms) = preSolution
		Debug|Any CPU = Debug|Any CPU
		Release|Any CPU = Release|Any CPU
	EndGlobalSection
	GlobalSection(ProjectConfigurationPlatforms) = postSolution
		{3AC276E8-BED1-4C4E-B36E-FA085A920383}.Debug|Any CPU.ActiveCfg = Debug|Any CPU
		{3AC276E8-BED1-4C4E-B36E-FA085A920383}.Debug|Any CPU.Build.0 = Debug|Any CPU
		{3AC276E8-BED1-4C4E-B36E-FA085A920383}.Release|Any CPU.ActiveCfg = Release|Any CPU
		{3AC276E8-BED1-4C4E-B36E-FA085A920383}.Release|Any CPU.Build.0 = Release|Any CPU
	EndGlobalSection
	GlobalSection(SolutionProperties) = preSolution
		HideSolutionNode = FALSE
	EndGlobalSection
	GlobalSection(ExtensibilityGlobals) = postSolution
		SolutionGuid = {63A62905-3A0C-4039-8E10-48EA634696A3}
	EndGlobalSection
EndGlobal
